
Microsoft Visual Studio Solution File, Format Version 12.00
# Visual Studio Version 17
VisualStudioVersion = 17.5.002.0
MinimumVisualStudioVersion = 10.0.40219.1
Project("{9A19103F-16F7-4668-BE54-9A1E7A4F7556}") = "IRM", "IRM.csproj", "{57A01C3B-BBEE-4B0B-9893-7B75A31C86D1}"
EndProject
Global
	GlobalSection(SolutionConfigurationPlatforms) = preSolution
		Debug|Any CPU = Debug|Any CPU
		Release|Any CPU = Release|Any CPU
	EndGlobalSection
	GlobalSection(ProjectConfigurationPlatforms) = postSolution
		{57A01C3B-BBEE-4B0B-9893-7B75A31C86D1}.Debug|Any CPU.ActiveCfg = Debug|Any CPU
		{57A01C3B-BBEE-4B0B-9893-7B75A31C86D1}.Debug|Any CPU.Build.0 = Debug|Any CPU
		{57A01C3B-BBEE-4B0B-9893-7B75A31C86D1}.Release|Any CPU.ActiveCfg = Release|Any CPU
		{57A01C3B-BBEE-4B0B-9893-7B75A31C86D1}.Release|Any CPU.Build.0 = Release|Any CPU
	EndGlobalSection
	GlobalSection(SolutionProperties) = preSolution
		HideSolutionNode = FALSE
	EndGlobalSection
	GlobalSection(ExtensibilityGlobals) = postSolution
		SolutionGuid = {01B29ADB-CE09-481E-8658-351D3FAC8850}
	EndGlobalSection
EndGlobal
